Microsoft Visual Studio Solution File, Format Version 11.00
# Visual Studio 2008

Project("{E4422BFF-4C00-689C-293C-8FE6EF8A8C89}") = "Two-hundred", "Assembly-CSharp.csproj", "{6BE4CB43-9686-7A99-E847-87A455857686}"
EndProject
Project("{E4422BFF-4C00-689C-293C-8FE6EF8A8C89}") = "Two-hundred", "Assembly-CSharp-Editor.csproj", "{E1217986-C587-4E1C-C0FB-BF15AB73DC71}"
EndProject
Global
	GlobalSection(SolutionConfigurationPlatforms) = preSolution
		Debug|Any CPU = Debug|Any CPU
		Release|Any CPU = Release|Any CPU
	EndGlobalSection
	GlobalSection(ProjectConfigurationPlatforms) = postSolution
		{6BE4CB43-9686-7A99-E847-87A455857686}.Debug|Any CPU.ActiveCfg = Debug|Any CPU
		{6BE4CB43-9686-7A99-E847-87A455857686}.Debug|Any CPU.Build.0 = Debug|Any CPU
		{6BE4CB43-9686-7A99-E847-87A455857686}.Release|Any CPU.ActiveCfg = Release|Any CPU
		{6BE4CB43-9686-7A99-E847-87A455857686}.Release|Any CPU.Build.0 = Release|Any CPU
		{E1217986-C587-4E1C-C0FB-BF15AB73DC71}.Debug|Any CPU.ActiveCfg = Debug|Any CPU
		{E1217986-C587-4E1C-C0FB-BF15AB73DC71}.Debug|Any CPU.Build.0 = Debug|Any CPU
		{E1217986-C587-4E1C-C0FB-BF15AB73DC71}.Release|Any CPU.ActiveCfg = Release|Any CPU
		{E1217986-C587-4E1C-C0FB-BF15AB73DC71}.Release|Any CPU.Build.0 = Release|Any CPU
	EndGlobalSection
	GlobalSection(SolutionProperties) = preSolution
		HideSolutionNode = FALSE
	EndGlobalSection
	GlobalSection(MonoDevelopProperties) = preSolution
		StartupItem = Assembly-CSharp.csproj
	EndGlobalSection
EndGlobal
