Microsoft Visual Studio Solution File, Format Version 11.00
# Visual Studio 2008

Project("{7B9E7D95-04CC-17F5-8E3D-A025C6F73A38}") = "Two_hundred_years_the_story", "Assembly-CSharp.csproj", "{A64E8CC7-A493-FC9C-7393-87CB1F86902C}"
EndProject
Global
	GlobalSection(SolutionConfigurationPlatforms) = preSolution
		Debug|Any CPU = Debug|Any CPU
		Release|Any CPU = Release|Any CPU
	EndGlobalSection
	GlobalSection(ProjectConfigurationPlatforms) = postSolution
		{A64E8CC7-A493-FC9C-7393-87CB1F86902C}.Debug|Any CPU.ActiveCfg = Debug|Any CPU
		{A64E8CC7-A493-FC9C-7393-87CB1F86902C}.Debug|Any CPU.Build.0 = Debug|Any CPU
		{A64E8CC7-A493-FC9C-7393-87CB1F86902C}.Release|Any CPU.ActiveCfg = Release|Any CPU
		{A64E8CC7-A493-FC9C-7393-87CB1F86902C}.Release|Any CPU.Build.0 = Release|Any CPU
	EndGlobalSection
	GlobalSection(SolutionProperties) = preSolution
		HideSolutionNode = FALSE
	EndGlobalSection
	GlobalSection(MonoDevelopProperties) = preSolution
		StartupItem = Assembly-CSharp.csproj
	EndGlobalSection
EndGlobal
